// !$*UTF8*$!
{
	archiveVersion = 1;
	classes = {
	};
	objectVersion = 46;
	objects = {

/* Begin PBXBuildFile section */
		155371CB1F1CBD8A00D36350 /* AppDelegate.swift in Sources */ = {isa = PBXBuildFile; fileRef = 155371CA1F1CBD8A00D36350 /* AppDelegate.swift */; };
		155371D01F1CBD8A00D36350 /* Main.storyboard in Resources */ = {isa = PBXBuildFile; fileRef = 155371CE1F1CBD8A00D36350 /* Main.storyboard */; };
		155371D21F1CBD8A00D36350 /* Assets.xcassets in Resources */ = {isa = PBXBuildFile; fileRef = 155371D11F1CBD8A00D36350 /* Assets.xcassets */; };
		155371D51F1CBD8A00D36350 /* LaunchScreen.storyboard in Resources */ = {isa = PBXBuildFile; fileRef = 155371D31F1CBD8A00D36350 /* LaunchScreen.storyboard */; };
		155371DE1F1CBF0900D36350 /* TweetTableViewController.swift in Sources */ = {isa = PBXBuildFile; fileRef = 155371DD1F1CBF0900D36350 /* TweetTableViewController.swift */; };
		1553720E1F1CC62D00D36350 /* Twitter.framework in Frameworks */ = {isa = PBXBuildFile; fileRef = 1553720D1F1CC62D00D36350 /* Twitter.framework */; };
		1553720F1F1CC62D00D36350 /* Twitter.framework in Embed Frameworks */ = {isa = PBXBuildFile; fileRef = 1553720D1F1CC62D00D36350 /* Twitter.framework */; settings = {ATTRIBUTES = (CodeSignOnCopy, RemoveHeadersOnCopy, ); }; };
		155372121F1DEC3300D36350 /* TweetTableViewCell.swift in Sources */ = {isa = PBXBuildFile; fileRef = 155372111F1DEC3300D36350 /* TweetTableViewCell.swift */; };
		15D1118B1F2B20A900FB0B09 /* TweetDetailTableTableViewController.swift in Sources */ = {isa = PBXBuildFile; fileRef = 15D1118A1F2B20A900FB0B09 /* TweetDetailTableTableViewController.swift */; };
		15D1118D1F2B288800FB0B09 /* TweetDetailTableTableViewCell.swift in Sources */ = {isa = PBXBuildFile; fileRef = 15D1118C1F2B288800FB0B09 /* TweetDetailTableTableViewCell.swift */; };
		15D1EF9F1F20A12F0013D70A /* TweetDetailViewController.swift in Sources */ = {isa = PBXBuildFile; fileRef = 15D1EF9E1F20A12F0013D70A /* TweetDetailViewController.swift */; };
/* End PBXBuildFile section */

/* Begin PBXCopyFilesBuildPhase section */
		155372101F1CC62D00D36350 /* Embed Frameworks */ = {
			isa = PBXCopyFilesBuildPhase;
			buildActionMask = 2147483647;
			dstPath = "";
			dstSubfolderSpec = 10;
			files = (
				1553720F1F1CC62D00D36350 /* Twitter.framework in Embed Frameworks */,
			);
			name = "Embed Frameworks";
			runOnlyForDeploymentPostprocessing = 0;
		};
/* End PBXCopyFilesBuildPhase section */

/* Begin PBXFileReference section */
		155371C71F1CBD8A00D36350 /* Smashtag.app */ = {isa = PBXFileReference; explicitFileType = wrapper.application; includeInIndex = 0; path = Smashtag.app; sourceTree = BUILT_PRODUCTS_DIR; };
		155371CA1F1CBD8A00D36350 /* AppDelegate.swift */ = {isa = PBXFileReference; lastKnownFileType = sourcecode.swift; path = AppDelegate.swift; sourceTree = "<group>"; };
		155371CF1F1CBD8A00D36350 /* Base */ = {isa = PBXFileReference; lastKnownFileType = file.storyboard; name = Base; path = Base.lproj/Main.storyboard; sourceTree = "<group>"; };
		155371D11F1CBD8A00D36350 /* Assets.xcassets */ = {isa = PBXFileReference; lastKnownFileType = folder.assetcatalog; path = Assets.xcassets; sourceTree = "<group>"; };
		155371D41F1CBD8A00D36350 /* Base */ = {isa = PBXFileReference; lastKnownFileType = file.storyboard; name = Base; path = Base.lproj/LaunchScreen.storyboard; sourceTree = "<group>"; };
		155371D61F1CBD8A00D36350 /* Info.plist */ = {isa = PBXFileReference; lastKnownFileType = text.plist.xml; path = Info.plist; sourceTree = "<group>"; };
		155371DD1F1CBF0900D36350 /* TweetTableViewController.swift */ = {isa = PBXFileReference; fileEncoding = 4; lastKnownFileType = sourcecode.swift; path = TweetTableViewController.swift; sourceTree = "<group>"; };
		1553720D1F1CC62D00D36350 /* Twitter.framework */ = {isa = PBXFileReference; explicitFileType = wrapper.framework; path = Twitter.framework; sourceTree = BUILT_PRODUCTS_DIR; };
		155372111F1DEC3300D36350 /* TweetTableViewCell.swift */ = {isa = PBXFileReference; fileEncoding = 4; lastKnownFileType = sourcecode.swift; path = TweetTableViewCell.swift; sourceTree = "<group>"; };
		15D1118A1F2B20A900FB0B09 /* TweetDetailTableTableViewController.swift */ = {isa = PBXFileReference; fileEncoding = 4; lastKnownFileType = sourcecode.swift; path = TweetDetailTableTableViewController.swift; sourceTree = "<group>"; };
		15D1118C1F2B288800FB0B09 /* TweetDetailTableTableViewCell.swift */ = {isa = PBXFileReference; fileEncoding = 4; lastKnownFileType = sourcecode.swift; path = TweetDetailTableTableViewCell.swift; sourceTree = "<group>"; };
		15D1EF9E1F20A12F0013D70A /* TweetDetailViewController.swift */ = {isa = PBXFileReference; fileEncoding = 4; lastKnownFileType = sourcecode.swift; path = TweetDetailViewController.swift; sourceTree = "<group>"; };
/* End PBXFileReference section */

/* Begin PBXFrameworksBuildPhase section */
		155371C41F1CBD8A00D36350 /* Frameworks */ = {
			isa = PBXFrameworksBuildPhase;
			buildActionMask = 2147483647;
			files = (
				1553720E1F1CC62D00D36350 /* Twitter.framework in Frameworks */,
			);
			runOnlyForDeploymentPostprocessing = 0;
		};
/* End PBXFrameworksBuildPhase section */

/* Begin PBXGroup section */
		155371BE1F1CBD8A00D36350 = {
			isa = PBXGroup;
			children = (
				1553720D1F1CC62D00D36350 /* Twitter.framework */,
				155371C91F1CBD8A00D36350 /* Smashtag */,
				155371C81F1CBD8A00D36350 /* Products */,
			);
			sourceTree = "<group>";
		};
		155371C81F1CBD8A00D36350 /* Products */ = {
			isa = PBXGroup;
			children = (
				155371C71F1CBD8A00D36350 /* Smashtag.app */,
			);
			name = Products;
			sourceTree = "<group>";
		};
		155371C91F1CBD8A00D36350 /* Smashtag */ = {
			isa = PBXGroup;
			children = (
				15D1118E1F2B321900FB0B09 /* Main */,
				15D1EF9E1F20A12F0013D70A /* TweetDetailViewController.swift */,
				15D1118F1F2B322E00FB0B09 /* Detail */,
				155371CE1F1CBD8A00D36350 /* Main.storyboard */,
				155371D61F1CBD8A00D36350 /* Info.plist */,
				155371DC1F1CBDCE00D36350 /* Supporting Files */,
			);
			path = Smashtag;
			sourceTree = "<group>";
		};
		155371DC1F1CBDCE00D36350 /* Supporting Files */ = {
			isa = PBXGroup;
			children = (
				155371D31F1CBD8A00D36350 /* LaunchScreen.storyboard */,
				155371D11F1CBD8A00D36350 /* Assets.xcassets */,
				155371CA1F1CBD8A00D36350 /* AppDelegate.swift */,
			);
			name = "Supporting Files";
			sourceTree = "<group>";
		};
		15D1118E1F2B321900FB0B09 /* Main */ = {
			isa = PBXGroup;
			children = (
				155371DD1F1CBF0900D36350 /* TweetTableViewController.swift */,
				155372111F1DEC3300D36350 /* TweetTableViewCell.swift */,
			);
			name = Main;
			sourceTree = "<group>";
		};
		15D1118F1F2B322E00FB0B09 /* Detail */ = {
			isa = PBXGroup;
			children = (
				15D1118A1F2B20A900FB0B09 /* TweetDetailTableTableViewController.swift */,
				15D1118C1F2B288800FB0B09 /* TweetDetailTableTableViewCell.swift */,
			);
			name = Detail;
			sourceTree = "<group>";
		};
/* End PBXGroup section */

/* Begin PBXNativeTarget section */
		155371C61F1CBD8A00D36350 /* Smashtag */ = {
			isa = PBXNativeTarget;
			buildConfigurationList = 155371D91F1CBD8A00D36350 /* Build configuration list for PBXNativeTarget "Smashtag" */;
			buildPhases = (
				155371C31F1CBD8A00D36350 /* Sources */,
				155371C41F1CBD8A00D36350 /* Frameworks */,
				155371C51F1CBD8A00D36350 /* Resources */,
				155372101F1CC62D00D36350 /* Embed Frameworks */,
			);
			buildRules = (
			);
			dependencies = (
			);
			name = Smashtag;
			productName = Smashtag;
			productReference = 155371C71F1CBD8A00D36350 /* Smashtag.app */;
			productType = "com.apple.product-type.application";
		};
/* End PBXNativeTarget section */

/* Begin PBXProject section */
		155371BF1F1CBD8A00D36350 /* Project object */ = {
			isa = PBXProject;
			attributes = {
				LastSwiftUpdateCheck = 0830;
				LastUpgradeCheck = 0830;
				ORGANIZATIONNAME = HKC;
				TargetAttributes = {
					155371C61F1CBD8A00D36350 = {
						CreatedOnToolsVersion = 8.3.3;
						DevelopmentTeam = 2DV9652W7L;
						ProvisioningStyle = Automatic;
					};
				};
			};
			buildConfigurationList = 155371C21F1CBD8A00D36350 /* Build configuration list for PBXProject "Smashtag" */;
			compatibilityVersion = "Xcode 3.2";
			developmentRegion = English;
			hasScannedForEncodings = 0;
			knownRegions = (
				en,
				Base,
			);
			mainGroup = 155371BE1F1CBD8A00D36350;
			productRefGroup = 155371C81F1CBD8A00D36350 /* Products */;
			projectDirPath = "";
			projectRoot = "";
			targets = (
				155371C61F1CBD8A00D36350 /* Smashtag */,
			);
		};
/* End PBXProject section */

/* Begin PBXResourcesBuildPhase section */
		155371C51F1CBD8A00D36350 /* Resources */ = {
			isa = PBXResourcesBuildPhase;
			buildActionMask = 2147483647;
			files = (
				155371D51F1CBD8A00D36350 /* LaunchScreen.storyboard in Resources */,
				155371D21F1CBD8A00D36350 /* Assets.xcassets in Resources */,
				155371D01F1CBD8A00D36350 /* Main.storyboard in Resources */,
			);
			runOnlyForDeploymentPostprocessing = 0;
		};
/* End PBXResourcesBuildPhase section */

/* Begin PBXSourcesBuildPhase section */
		155371C31F1CBD8A00D36350 /* Sources */ = {
			isa = PBXSourcesBuildPhase;
			buildActionMask = 2147483647;
			files = (
				155371CB1F1CBD8A00D36350 /* AppDelegate.swift in Sources */,
				15D1118D1F2B288800FB0B09 /* TweetDetailTableTableViewCell.swift in Sources */,
				15D1EF9F1F20A12F0013D70A /* TweetDetailViewController.swift in Sources */,
				155371DE1F1CBF0900D36350 /* TweetTableViewController.swift in Sources */,
				15D1118B1F2B20A900FB0B09 /* TweetDetailTableTableViewController.swift in Sources */,
				155372121F1DEC3300D36350 /* TweetTableViewCell.swift in Sources */,
			);
			runOnlyForDeploymentPostprocessing = 0;
		};
/* End PBXSourcesBuildPhase section */

/* Begin PBXVariantGroup section */
		155371CE1F1CBD8A00D36350 /* Main.storyboard */ = {
			isa = PBXVariantGroup;
			children = (
				155371CF1F1CBD8A00D36350 /* Base */,
			);
			name = Main.storyboard;
			sourceTree = "<group>";
		};
		155371D31F1CBD8A00D36350 /* LaunchScreen.storyboard */ = {
			isa = PBXVariantGroup;
			children = (
				155371D41F1CBD8A00D36350 /* Base */,
			);
			name = LaunchScreen.storyboard;
			sourceTree = "<group>";
		};
/* End PBXVariantGroup section */

/* Begin XCBuildConfiguration section */
		155371D71F1CBD8A00D36350 /* Debug */ = {
			isa = XCBuildConfiguration;
			buildSettings = {
				ALWAYS_SEARCH_USER_PATHS = NO;
				CLANG_ANALYZER_NONNULL = YES;
				CLANG_ANALYZER_NUMBER_OBJECT_CONVERSION = YES_AGGRESSIVE;
				CLANG_CXX_LANGUAGE_STANDARD = "gnu++0x";
				CLANG_CXX_LIBRARY = "libc++";
				CLANG_ENABLE_MODULES = YES;
				CLANG_ENABLE_OBJC_ARC = YES;
				CLANG_WARN_BOOL_CONVERSION = YES;
				CLANG_WARN_CONSTANT_CONVERSION = YES;
				CLANG_WARN_DIRECT_OBJC_ISA_USAGE = YES_ERROR;
				CLANG_WARN_DOCUMENTATION_COMMENTS = YES;
				CLANG_WARN_EMPTY_BODY = YES;
				CLANG_WARN_ENUM_CONVERSION = YES;
				CLANG_WARN_INFINITE_RECURSION = YES;
				CLANG_WARN_INT_CONVERSION = YES;
				CLANG_WARN_OBJC_ROOT_CLASS = YES_ERROR;
				CLANG_WARN_SUSPICIOUS_MOVE = YES;
				CLANG_WARN_UNREACHABLE_CODE = YES;
				CLANG_WARN__DUPLICATE_METHOD_MATCH = YES;
				"CODE_SIGN_IDENTITY[sdk=iphoneos*]" = "iPhone Developer";
				COPY_PHASE_STRIP = NO;
				DEBUG_INFORMATION_FORMAT = dwarf;
				ENABLE_STRICT_OBJC_MSGSEND = YES;
				ENABLE_TESTABILITY = YES;
				GCC_C_LANGUAGE_STANDARD = gnu99;
				GCC_DYNAMIC_NO_PIC = NO;
				GCC_NO_COMMON_BLOCKS = YES;
				GCC_OPTIMIZATION_LEVEL = 0;
				GCC_PREPROCESSOR_DEFINITIONS = (
					"DEBUG=1",
					"$(inherited)",
				);
				GCC_WARN_64_TO_32_BIT_CONVERSION = YES;
				GCC_WARN_ABOUT_RETURN_TYPE = YES_ERROR;
				GCC_WARN_UNDECLARED_SELECTOR = YES;
				GCC_WARN_UNINITIALIZED_AUTOS = YES_AGGRESSIVE;
				GCC_WARN_UNUSED_FUNCTION = YES;
				GCC_WARN_UNUSED_VARIABLE = YES;
				IPHONEOS_DEPLOYMENT_TARGET = 10.3;
				MTL_ENABLE_DEBUG_INFO = YES;
				ONLY_ACTIVE_ARCH = YES;
				SDKROOT = iphoneos;
				SWIFT_ACTIVE_COMPILATION_CONDITIONS = DEBUG;
				SWIFT_OPTIMIZATION_LEVEL = "-Onone";
			};
			name = Debug;
		};
		155371D81F1CBD8A00D36350 /* Release */ = {
			isa = XCBuildConfiguration;
			buildSettings = {
				ALWAYS_SEARCH_USER_PATHS = NO;
				CLANG_ANALYZER_NONNULL = YES;
				CLANG_ANALYZER_NUMBER_OBJECT_CONVERSION = YES_AGGRESSIVE;
				CLANG_CXX_LANGUAGE_STANDARD = "gnu++0x";
				CLANG_CXX_LIBRARY = "libc++";
				CLANG_ENABLE_MODULES = YES;
				CLANG_ENABLE_OBJC_ARC = YES;
				CLANG_WARN_BOOL_CONVERSION = YES;
				CLANG_WARN_CONSTANT_CONVERSION = YES;
				CLANG_WARN_DIRECT_OBJC_ISA_USAGE = YES_ERROR;
				CLANG_WARN_DOCUMENTATION_COMMENTS = YES;
				CLANG_WARN_EMPTY_BODY = YES;
				CLANG_WARN_ENUM_CONVERSION = YES;
				CLANG_WARN_INFINITE_RECURSION = YES;
				CLANG_WARN_INT_CONVERSION = YES;
				CLANG_WARN_OBJC_ROOT_CLASS = YES_ERROR;
				CLANG_WARN_SUSPICIOUS_MOVE = YES;
				CLANG_WARN_UNREACHABLE_CODE = YES;
				CLANG_WARN__DUPLICATE_METHOD_MATCH = YES;
				"CODE_SIGN_IDENTITY[sdk=iphoneos*]" = "iPhone Developer";
				COPY_PHASE_STRIP = NO;
				DEBUG_INFORMATION_FORMAT = "dwarf-with-dsym";
				ENABLE_NS_ASSERTIONS = NO;
				ENABLE_STRICT_OBJC_MSGSEND = YES;
				GCC_C_LANGUAGE_STANDARD = gnu99;
				GCC_NO_COMMON_BLOCKS = YES;
				GCC_WARN_64_TO_32_BIT_CONVERSION = YES;
				GCC_WARN_ABOUT_RETURN_TYPE = YES_ERROR;
				GCC_WARN_UNDECLARED_SELECTOR = YES;
				GCC_WARN_UNINITIALIZED_AUTOS = YES_AGGRESSIVE;
				GCC_WARN_UNUSED_FUNCTION = YES;
				GCC_WARN_UNUSED_VARIABLE = YES;
				IPHONEOS_DEPLOYMENT_TARGET = 10.3;
				MTL_ENABLE_DEBUG_INFO = NO;
				SDKROOT = iphoneos;
				SWIFT_OPTIMIZATION_LEVEL = "-Owholemodule";
				VALIDATE_PRODUCT = YES;
			};
			name = Release;
		};
		155371DA1F1CBD8A00D36350 /* Debug */ = {
			isa = XCBuildConfiguration;
			buildSettings = {
				ASSETCATALOG_COMPILER_APPICON_NAME = AppIcon;
				DEVELOPMENT_TEAM = 2DV9652W7L;
				INFOPLIST_FILE = Smashtag/Info.plist;
				LD_RUNPATH_SEARCH_PATHS = "$(inherited) @executable_path/Frameworks";
				PRODUCT_BUNDLE_IDENTIFIER = home.Smashtag;
				PRODUCT_NAME = "$(TARGET_NAME)";
				SWIFT_VERSION = 3.0;
			};
			name = Debug;
		};
		155371DB1F1CBD8A00D36350 /* Release */ = {
			isa = XCBuildConfiguration;
			buildSettings = {
				ASSETCATALOG_COMPILER_APPICON_NAME = AppIcon;
				DEVELOPMENT_TEAM = 2DV9652W7L;
				INFOPLIST_FILE = Smashtag/Info.plist;
				LD_RUNPATH_SEARCH_PATHS = "$(inherited) @executable_path/Frameworks";
				PRODUCT_BUNDLE_IDENTIFIER = home.Smashtag;
				PRODUCT_NAME = "$(TARGET_NAME)";
				SWIFT_VERSION = 3.0;
			};
			name = Release;
		};
/* End XCBuildConfiguration section */

/* Begin XCConfigurationList section */
		155371C21F1CBD8A00D36350 /* Build configuration list for PBXProject "Smashtag" */ = {
			isa = XCConfigurationList;
			buildConfigurations = (
				155371D71F1CBD8A00D36350 /* Debug */,
				155371D81F1CBD8A00D36350 /* Release */,
			);
			defaultConfigurationIsVisible = 0;
			defaultConfigurationName = Release;
		};
		155371D91F1CBD8A00D36350 /* Build configuration list for PBXNativeTarget "Smashtag" */ = {
			isa = XCConfigurationList;
			buildConfigurations = (
				155371DA1F1CBD8A00D36350 /* Debug */,
				155371DB1F1CBD8A00D36350 /* Release */,
			);
			defaultConfigurationIsVisible = 0;
			defaultConfigurationName = Release;
		};
/* End XCConfigurationList section */
	};
	rootObject = 155371BF1F1CBD8A00D36350 /* Project object */;
}
